<?xml version="1.0" encoding="utf-8"?>
<Project ToolsVersion="4.0" xmlns="http://schemas.microsoft.com/developer/msbuild/2003">
  <ItemGroup>
    <Filter Include="File di origine">
      <UniqueIdentifier>{4FC737F1-C7A5-4376-A066-2A32D752A2FF}</UniqueIdentifier>
      <Extensions>cpp;c;cc;cxx;c++;cppm;ixx;def;odl;idl;hpj;bat;asm;asmx</Extensions>
    </Filter>
    <Filter Include="File di intestazione">
      <UniqueIdentifier>{93995380-89BD-4b04-88EB-625FBE52EBFB}</UniqueIdentifier>
      <Extensions>h;hh;hpp;hxx;h++;hm;inl;inc;ipp;xsd</Extensions>
    </Filter>
    <Filter Include="File di risorse">
      <UniqueIdentifier>{67DA6AB6-F800-4c08-8B7A-83BB121AAD01}</UniqueIdentifier>
      <Extensions>rc;ico;cur;bmp;dlg;rc2;rct;bin;rgs;gif;jpg;jpeg;jpe;resx;tiff;tif;png;wav;mfcribbon-ms</Extensions>
    </Filter>
    <Filter Include="File di risorse\Shader">
      <UniqueIdentifier>{44ba0a75-ef39-43ef-9323-3049679ba6b8}</UniqueIdentifier>
    </Filter>
    <Filter Include="File di risorse\SphereMeshes">
      <UniqueIdentifier>{ac29881e-c758-4129-ba7d-487a67c434aa}</UniqueIdentifier>
    </Filter>
  </ItemGroup>
  <ItemGroup>
    <ClInclude Include="include\cloth\cloth.h">
      <Filter>File di intestazione</Filter>
    </ClInclude>
    <ClInclude Include="include\physics\constraint.h">
      <Filter>File di intestazione</Filter>
    </ClInclude>
    <ClInclude Include="include\physics\constraints.h">
      <Filter>File di intestazione</Filter>
    </ClInclude>
    <ClInclude Include="include\physics\particle.h">
      <Filter>File di intestazione</Filter>
    </ClInclude>
    <ClInclude Include="include\physics\particle_equidistance_constraint.h">
      <Filter>File di intestazione</Filter>
    </ClInclude>
    <ClInclude Include="include\physics\physicalobject.h">
      <Filter>File di intestazione</Filter>
    </ClInclude>
    <ClInclude Include="include\physics\physics_spheremesh.h">
      <Filter>File di intestazione</Filter>
    </ClInclude>
    <ClInclude Include="include\physics\physicsconstants.h">
      <Filter>File di intestazione</Filter>
    </ClInclude>
    <ClInclude Include="include\physics\physicsengine.h">
      <Filter>File di intestazione</Filter>
    </ClInclude>
    <ClInclude Include="include\physics\plane_constraint.h">
      <Filter>File di intestazione</Filter>
    </ClInclude>
    <ClInclude Include="include\physics\spheremesh_constraint.h">
      <Filter>File di intestazione</Filter>
    </ClInclude>
    <ClInclude Include="include\rendering\camera.h">
      <Filter>File di intestazione</Filter>
    </ClInclude>
    <ClInclude Include="include\rendering\iglrenderable.h">
      <Filter>File di intestazione</Filter>
    </ClInclude>
    <ClInclude Include="include\rendering\light.h">
      <Filter>File di intestazione</Filter>
    </ClInclude>
    <ClInclude Include="include\rendering\material.h">
      <Filter>File di intestazione</Filter>
    </ClInclude>
    <ClInclude Include="include\rendering\renderablecloth.h">
      <Filter>File di intestazione</Filter>
    </ClInclude>
    <ClInclude Include="include\rendering\renderablepointcloud.h">
      <Filter>File di intestazione</Filter>
    </ClInclude>
    <ClInclude Include="include\rendering\renderer.h">
      <Filter>File di intestazione</Filter>
    </ClInclude>
    <ClInclude Include="include\rendering\scene.h">
      <Filter>File di intestazione</Filter>
    </ClInclude>
    <ClInclude Include="include\rendering\shader.h">
      <Filter>File di intestazione</Filter>
    </ClInclude>
    <ClInclude Include="include\spheremeshes\capsuloid.h">
      <Filter>File di intestazione</Filter>
    </ClInclude>
    <ClInclude Include="include\spheremeshes\point.h">
      <Filter>File di intestazione</Filter>
    </ClInclude>
    <ClInclude Include="include\spheremeshes\sphere.h">
      <Filter>File di intestazione</Filter>
    </ClInclude>
    <ClInclude Include="include\spheremeshes\spheremesh.h">
      <Filter>File di intestazione</Filter>
    </ClInclude>
    <ClInclude Include="include\spheremeshes\spheretriangle.h">
      <Filter>File di intestazione</Filter>
    </ClInclude>
    <ClInclude Include="include\utils\aabb.h">
      <Filter>File di intestazione</Filter>
    </ClInclude>
    <ClInclude Include="include\utils\common.h">
      <Filter>File di intestazione</Filter>
    </ClInclude>
    <ClInclude Include="include\utils\plane.h">
      <Filter>File di intestazione</Filter>
    </ClInclude>
    <ClInclude Include="include\utils\pointcloud.h">
      <Filter>File di intestazione</Filter>
    </ClInclude>
    <ClInclude Include="include\utils\random.h">
      <Filter>File di intestazione</Filter>
    </ClInclude>
    <ClInclude Include="include\utils\ray.h">
      <Filter>File di intestazione</Filter>
    </ClInclude>
    <ClInclude Include="include\utils\time.h">
      <Filter>File di intestazione</Filter>
    </ClInclude>
    <ClInclude Include="include\utils\types.h">
      <Filter>File di intestazione</Filter>
    </ClInclude>
    <ClInclude Include="include\glad\glad.h">
      <Filter>File di intestazione</Filter>
    </ClInclude>
    <ClInclude Include="imgui\include\imgui\imgui_impl_glfw.h">
      <Filter>File di intestazione</Filter>
    </ClInclude>
    <ClInclude Include="imgui\include\imgui\imgui_impl_opengl3.h">
      <Filter>File di intestazione</Filter>
    </ClInclude>
    <ClInclude Include="imgui\include\imgui\imgui_impl_opengl3_loader.h">
      <Filter>File di intestazione</Filter>
    </ClInclude>
    <ClInclude Include="include\rendering\renderableplane.h">
      <Filter>File di intestazione</Filter>
    </ClInclude>
    <ClInclude Include="include\utils\arrow_line.h">
      <Filter>File di intestazione</Filter>
    </ClInclude>
    <ClInclude Include="include\rendering\rendering.h">
      <Filter>File di intestazione</Filter>
    </ClInclude>
    <ClInclude Include="include\physics\physics.h">
      <Filter>File di intestazione</Filter>
    </ClInclude>
    <ClInclude Include="include\spheremeshes\spheremeshes.h">
      <Filter>File di intestazione</Filter>
    </ClInclude>
    <ClInclude Include="include\utils\utils.h">
      <Filter>File di intestazione</Filter>
    </ClInclude>
  </ItemGroup>
  <ItemGroup>
    <ClCompile Include="src\cloth\cloth.cpp">
      <Filter>File di origine</Filter>
    </ClCompile>
    <ClCompile Include="src\physics\particle.cpp">
      <Filter>File di origine</Filter>
    </ClCompile>
    <ClCompile Include="src\physics\particle_equidistance_constraint.cpp">
      <Filter>File di origine</Filter>
    </ClCompile>
    <ClCompile Include="src\physics\physicsengine.cpp">
      <Filter>File di origine</Filter>
    </ClCompile>
    <ClCompile Include="src\physics\plane_constraint.cpp">
      <Filter>File di origine</Filter>
    </ClCompile>
    <ClCompile Include="src\physics\spheremesh_constraint.cpp">
      <Filter>File di origine</Filter>
    </ClCompile>
    <ClCompile Include="src\rendering\camera.cpp">
      <Filter>File di origine</Filter>
    </ClCompile>
    <ClCompile Include="src\rendering\light.cpp">
      <Filter>File di origine</Filter>
    </ClCompile>
    <ClCompile Include="src\rendering\material.cpp">
      <Filter>File di origine</Filter>
    </ClCompile>
    <ClCompile Include="src\rendering\renderablecloth.cpp">
      <Filter>File di origine</Filter>
    </ClCompile>
    <ClCompile Include="src\rendering\renderablepointcloud.cpp">
      <Filter>File di origine</Filter>
    </ClCompile>
    <ClCompile Include="src\rendering\renderer.cpp">
      <Filter>File di origine</Filter>
    </ClCompile>
    <ClCompile Include="src\rendering\scene.cpp">
      <Filter>File di origine</Filter>
    </ClCompile>
    <ClCompile Include="src\rendering\shader.cpp">
      <Filter>File di origine</Filter>
    </ClCompile>
    <ClCompile Include="src\spheremeshes\capsuloid.cpp">
      <Filter>File di origine</Filter>
    </ClCompile>
    <ClCompile Include="src\spheremeshes\point.cpp">
      <Filter>File di origine</Filter>
    </ClCompile>
    <ClCompile Include="src\spheremeshes\sphere.cpp">
      <Filter>File di origine</Filter>
    </ClCompile>
    <ClCompile Include="src\spheremeshes\spheremesh.cpp">
      <Filter>File di origine</Filter>
    </ClCompile>
    <ClCompile Include="src\spheremeshes\spheremeshutils.cpp">
      <Filter>File di origine</Filter>
    </ClCompile>
    <ClCompile Include="src\spheremeshes\spheretriangle.cpp">
      <Filter>File di origine</Filter>
    </ClCompile>
    <ClCompile Include="src\utils\common.cpp">
      <Filter>File di origine</Filter>
    </ClCompile>
    <ClCompile Include="src\utils\plane.cpp">
      <Filter>File di origine</Filter>
    </ClCompile>
    <ClCompile Include="src\utils\pointcloud.cpp">
      <Filter>File di origine</Filter>
    </ClCompile>
    <ClCompile Include="src\utils\random.cpp">
      <Filter>File di origine</Filter>
    </ClCompile>
    <ClCompile Include="src\utils\ray.cpp">
      <Filter>File di origine</Filter>
    </ClCompile>
    <ClCompile Include="src\utils\time.cpp">
      <Filter>File di origine</Filter>
    </ClCompile>
    <ClCompile Include="src\main.cpp">
      <Filter>File di origine</Filter>
    </ClCompile>
    <ClCompile Include="src\utils\aabb.cpp">
      <Filter>File di origine</Filter>
    </ClCompile>
    <ClCompile Include="include\glad\glad.c">
      <Filter>File di origine</Filter>
    </ClCompile>
    <ClCompile Include="imgui\include\imgui\imgui_impl_glfw.cpp">
      <Filter>File di origine</Filter>
    </ClCompile>
    <ClCompile Include="imgui\include\imgui\imgui_impl_opengl3.cpp">
      <Filter>File di origine</Filter>
    </ClCompile>
    <ClCompile Include="src\physics\physics_spheremesh.cpp">
      <Filter>File di origine</Filter>
    </ClCompile>
    <ClCompile Include="src\rendering\renderableplane.cpp">
      <Filter>File di origine</Filter>
    </ClCompile>
    <ClCompile Include="src\utils\arrow_line.cpp">
      <Filter>File di origine</Filter>
    </ClCompile>
  </ItemGroup>
  <ItemGroup>
    <None Include="assets\shaders\default.frag">
      <Filter>File di risorse\Shader</Filter>
    </None>
    <None Include="assets\shaders\default.vert">
      <Filter>File di risorse\Shader</Filter>
    </None>
    <None Include="assets\shaders\flat.frag">
      <Filter>File di risorse\Shader</Filter>
    </None>
    <None Include="assets\shaders\flat.vert">
      <Filter>File di risorse\Shader</Filter>
    </None>
    <None Include="assets\spheremeshes\app.sm">
      <Filter>File di risorse\SphereMeshes</Filter>
    </None>
    <None Include="assets\spheremeshes\caps.sm">
      <Filter>File di risorse\SphereMeshes</Filter>
    </None>
    <None Include="assets\spheremeshes\complicated.sm">
      <Filter>File di risorse\SphereMeshes</Filter>
    </None>
    <None Include="assets\spheremeshes\default.sm">
      <Filter>File di risorse\SphereMeshes</Filter>
    </None>
    <None Include="assets\spheremeshes\sphere.sm">
      <Filter>File di risorse\SphereMeshes</Filter>
    </None>
    <None Include="assets\spheremeshes\tri.sm">
      <Filter>File di risorse\SphereMeshes</Filter>
    </None>
  </ItemGroup>
</Project>